
Microsoft Visual Studio Solution File, Format Version 12.00
# Visual Studio Version 17
VisualStudioVersion = 17.0.31903.59
MinimumVisualStudioVersion = 10.0.40219.1
Project("{2150E333-8FDC-42A3-9474-1A3956D46DE8}") = "src", "src", "{827E0CD3-B72D-47B6-A68D-7590B98EB39B}"
EndProject
Project("{FAE04EC0-301F-11D3-BF4B-00C04F79EFBC}") = "FinCore.Api", "src\FinCore.Api\FinCore.Api.csproj", "{CC33A9B7-50CF-4548-87B1-069FCA656B7F}"
EndProject
Project("{FAE04EC0-301F-11D3-BF4B-00C04F79EFBC}") = "FinCore.Application", "src\FinCore.Application\FinCore.Application.csproj", "{12C6DF15-2E51-4B3A-BF4E-E74B54AE0C42}"
EndProject
Project("{FAE04EC0-301F-11D3-BF4B-00C04F79EFBC}") = "FinCore.Domain", "src\FinCore.Domain\FinCore.Domain.csproj", "{0D071446-189F-4F76-BE6E-D9340109ACE3}"
EndProject
Project("{FAE04EC0-301F-11D3-BF4B-00C04F79EFBC}") = "FinCore.Infrastructure", "src\FinCore.Infrastructure\FinCore.Infrastructure.csproj", "{A33ADAA2-C130-4D0F-9722-355739DBA966}"
EndProject
Project("{2150E333-8FDC-42A3-9474-1A3956D46DE8}") = "tests", "tests", "{0AB3BF05-4346-4AA6-1389-037BE0695223}"
EndProject
Project("{FAE04EC0-301F-11D3-BF4B-00C04F79EFBC}") = "FinCore.Domain.Tests", "tests\FinCore.Domain.Tests\FinCore.Domain.Tests.csproj", "{58F4BD09-3995-4E58-89C3-31A8ABE0157D}"
EndProject
Project("{FAE04EC0-301F-11D3-BF4B-00C04F79EFBC}") = "FinCore.Application.Tests", "tests\FinCore.Application.Tests\FinCore.Application.Tests.csproj", "{398708E1-932C-4C8F-A3B9-FC62BF79E560}"
EndProject
Project("{FAE04EC0-301F-11D3-BF4B-00C04F79EFBC}") = "FinCore.IntegrationTests", "tests\FinCore.IntegrationTests\FinCore.IntegrationTests.csproj", "{A4284E3B-265A-43A2-97A0-0A963AD65477}"
EndProject
Global
	GlobalSection(SolutionConfigurationPlatforms) = preSolution
		Debug|Any CPU = Debug|Any CPU
		Debug|x64 = Debug|x64
		Debug|x86 = Debug|x86
		Release|Any CPU = Release|Any CPU
		Release|x64 = Release|x64
		Release|x86 = Release|x86
	EndGlobalSection
	GlobalSection(ProjectConfigurationPlatforms) = postSolution
		{CC33A9B7-50CF-4548-87B1-069FCA656B7F}.Debug|Any CPU.ActiveCfg = Debug|Any CPU
		{CC33A9B7-50CF-4548-87B1-069FCA656B7F}.Debug|Any CPU.Build.0 = Debug|Any CPU
		{CC33A9B7-50CF-4548-87B1-069FCA656B7F}.Debug|x64.ActiveCfg = Debug|Any CPU
		{CC33A9B7-50CF-4548-87B1-069FCA656B7F}.Debug|x64.Build.0 = Debug|Any CPU
		{CC33A9B7-50CF-4548-87B1-069FCA656B7F}.Debug|x86.ActiveCfg = Debug|Any CPU
		{CC33A9B7-50CF-4548-87B1-069FCA656B7F}.Debug|x86.Build.0 = Debug|Any CPU
		{CC33A9B7-50CF-4548-87B1-069FCA656B7F}.Release|Any CPU.ActiveCfg = Release|Any CPU
		{CC33A9B7-50CF-4548-87B1-069FCA656B7F}.Release|Any CPU.Build.0 = Release|Any CPU
		{CC33A9B7-50CF-4548-87B1-069FCA656B7F}.Release|x64.ActiveCfg = Release|Any CPU
		{CC33A9B7-50CF-4548-87B1-069FCA656B7F}.Release|x64.Build.0 = Release|Any CPU
		{CC33A9B7-50CF-4548-87B1-069FCA656B7F}.Release|x86.ActiveCfg = Release|Any CPU
		{CC33A9B7-50CF-4548-87B1-069FCA656B7F}.Release|x86.Build.0 = Release|Any CPU
		{12C6DF15-2E51-4B3A-BF4E-E74B54AE0C42}.Debug|Any CPU.ActiveCfg = Debug|Any CPU
		{12C6DF15-2E51-4B3A-BF4E-E74B54AE0C42}.Debug|Any CPU.Build.0 = Debug|Any CPU
		{12C6DF15-2E51-4B3A-BF4E-E74B54AE0C42}.Debug|x64.ActiveCfg = Debug|Any CPU
		{12C6DF15-2E51-4B3A-BF4E-E74B54AE0C42}.Debug|x64.Build.0 = Debug|Any CPU
		{12C6DF15-2E51-4B3A-BF4E-E74B54AE0C42}.Debug|x86.ActiveCfg = Debug|Any CPU
		{12C6DF15-2E51-4B3A-BF4E-E74B54AE0C42}.Debug|x86.Build.0 = Debug|Any CPU
		{12C6DF15-2E51-4B3A-BF4E-E74B54AE0C42}.Release|Any CPU.ActiveCfg = Release|Any CPU
		{12C6DF15-2E51-4B3A-BF4E-E74B54AE0C42}.Release|Any CPU.Build.0 = Release|Any CPU
		{12C6DF15-2E51-4B3A-BF4E-E74B54AE0C42}.Release|x64.ActiveCfg = Release|Any CPU
		{12C6DF15-2E51-4B3A-BF4E-E74B54AE0C42}.Release|x64.Build.0 = Release|Any CPU
		{12C6DF15-2E51-4B3A-BF4E-E74B54AE0C42}.Release|x86.ActiveCfg = Release|Any CPU
		{12C6DF15-2E51-4B3A-BF4E-E74B54AE0C42}.Release|x86.Build.0 = Release|Any CPU
		{0D071446-189F-4F76-BE6E-D9340109ACE3}.Debug|Any CPU.ActiveCfg = Debug|Any CPU
		{0D071446-189F-4F76-BE6E-D9340109ACE3}.Debug|Any CPU.Build.0 = Debug|Any CPU
		{0D071446-189F-4F76-BE6E-D9340109ACE3}.Debug|x64.ActiveCfg = Debug|Any CPU
		{0D071446-189F-4F76-BE6E-D9340109ACE3}.Debug|x64.Build.0 = Debug|Any CPU
		{0D071446-189F-4F76-BE6E-D9340109ACE3}.Debug|x86.ActiveCfg = Debug|Any CPU
		{0D071446-189F-4F76-BE6E-D9340109ACE3}.Debug|x86.Build.0 = Debug|Any CPU
		{0D071446-189F-4F76-BE6E-D9340109ACE3}.Release|Any CPU.ActiveCfg = Release|Any CPU
		{0D071446-189F-4F76-BE6E-D9340109ACE3}.Release|Any CPU.Build.0 = Release|Any CPU
		{0D071446-189F-4F76-BE6E-D9340109ACE3}.Release|x64.ActiveCfg = Release|Any CPU
		{0D071446-189F-4F76-BE6E-D9340109ACE3}.Release|x64.Build.0 = Release|Any CPU
		{0D071446-189F-4F76-BE6E-D9340109ACE3}.Release|x86.ActiveCfg = Release|Any CPU
		{0D071446-189F-4F76-BE6E-D9340109ACE3}.Release|x86.Build.0 = Release|Any CPU
		{A33ADAA2-C130-4D0F-9722-355739DBA966}.Debug|Any CPU.ActiveCfg = Debug|Any CPU
		{A33ADAA2-C130-4D0F-9722-355739DBA966}.Debug|Any CPU.Build.0 = Debug|Any CPU
		{A33ADAA2-C130-4D0F-9722-355739DBA966}.Debug|x64.ActiveCfg = Debug|Any CPU
		{A33ADAA2-C130-4D0F-9722-355739DBA966}.Debug|x64.Build.0 = Debug|Any CPU
		{A33ADAA2-C130-4D0F-9722-355739DBA966}.Debug|x86.ActiveCfg = Debug|Any CPU
		{A33ADAA2-C130-4D0F-9722-355739DBA966}.Debug|x86.Build.0 = Debug|Any CPU
		{A33ADAA2-C130-4D0F-9722-355739DBA966}.Release|Any CPU.ActiveCfg = Release|Any CPU
		{A33ADAA2-C130-4D0F-9722-355739DBA966}.Release|Any CPU.Build.0 = Release|Any CPU
		{A33ADAA2-C130-4D0F-9722-355739DBA966}.Release|x64.ActiveCfg = Release|Any CPU
		{A33ADAA2-C130-4D0F-9722-355739DBA966}.Release|x64.Build.0 = Release|Any CPU
		{A33ADAA2-C130-4D0F-9722-355739DBA966}.Release|x86.ActiveCfg = Release|Any CPU
		{A33ADAA2-C130-4D0F-9722-355739DBA966}.Release|x86.Build.0 = Release|Any CPU
		{58F4BD09-3995-4E58-89C3-31A8ABE0157D}.Debug|Any CPU.ActiveCfg = Debug|Any CPU
		{58F4BD09-3995-4E58-89C3-31A8ABE0157D}.Debug|Any CPU.Build.0 = Debug|Any CPU
		{58F4BD09-3995-4E58-89C3-31A8ABE0157D}.Debug|x64.ActiveCfg = Debug|Any CPU
		{58F4BD09-3995-4E58-89C3-31A8ABE0157D}.Debug|x64.Build.0 = Debug|Any CPU
		{58F4BD09-3995-4E58-89C3-31A8ABE0157D}.Debug|x86.ActiveCfg = Debug|Any CPU
		{58F4BD09-3995-4E58-89C3-31A8ABE0157D}.Debug|x86.Build.0 = Debug|Any CPU
		{58F4BD09-3995-4E58-89C3-31A8ABE0157D}.Release|Any CPU.ActiveCfg = Release|Any CPU
		{58F4BD09-3995-4E58-89C3-31A8ABE0157D}.Release|Any CPU.Build.0 = Release|Any CPU
		{58F4BD09-3995-4E58-89C3-31A8ABE0157D}.Release|x64.ActiveCfg = Release|Any CPU
		{58F4BD09-3995-4E58-89C3-31A8ABE0157D}.Release|x64.Build.0 = Release|Any CPU
		{58F4BD09-3995-4E58-89C3-31A8ABE0157D}.Release|x86.ActiveCfg = Release|Any CPU
		{58F4BD09-3995-4E58-89C3-31A8ABE0157D}.Release|x86.Build.0 = Release|Any CPU
		{398708E1-932C-4C8F-A3B9-FC62BF79E560}.Debug|Any CPU.ActiveCfg = Debug|Any CPU
		{398708E1-932C-4C8F-A3B9-FC62BF79E560}.Debug|Any CPU.Build.0 = Debug|Any CPU
		{398708E1-932C-4C8F-A3B9-FC62BF79E560}.Debug|x64.ActiveCfg = Debug|Any CPU
		{398708E1-932C-4C8F-A3B9-FC62BF79E560}.Debug|x64.Build.0 = Debug|Any CPU
		{398708E1-932C-4C8F-A3B9-FC62BF79E560}.Debug|x86.ActiveCfg = Debug|Any CPU
		{398708E1-932C-4C8F-A3B9-FC62BF79E560}.Debug|x86.Build.0 = Debug|Any CPU
		{398708E1-932C-4C8F-A3B9-FC62BF79E560}.Release|Any CPU.ActiveCfg = Release|Any CPU
		{398708E1-932C-4C8F-A3B9-FC62BF79E560}.Release|Any CPU.Build.0 = Release|Any CPU
		{398708E1-932C-4C8F-A3B9-FC62BF79E560}.Release|x64.ActiveCfg = Release|Any CPU
		{398708E1-932C-4C8F-A3B9-FC62BF79E560}.Release|x64.Build.0 = Release|Any CPU
		{398708E1-932C-4C8F-A3B9-FC62BF79E560}.Release|x86.ActiveCfg = Release|Any CPU
		{398708E1-932C-4C8F-A3B9-FC62BF79E560}.Release|x86.Build.0 = Release|Any CPU
		{A4284E3B-265A-43A2-97A0-0A963AD65477}.Debug|Any CPU.ActiveCfg = Debug|Any CPU
		{A4284E3B-265A-43A2-97A0-0A963AD65477}.Debug|Any CPU.Build.0 = Debug|Any CPU
		{A4284E3B-265A-43A2-97A0-0A963AD65477}.Debug|x64.ActiveCfg = Debug|Any CPU
		{A4284E3B-265A-43A2-97A0-0A963AD65477}.Debug|x64.Build.0 = Debug|Any CPU
		{A4284E3B-265A-43A2-97A0-0A963AD65477}.Debug|x86.ActiveCfg = Debug|Any CPU
		{A4284E3B-265A-43A2-97A0-0A963AD65477}.Debug|x86.Build.0 = Debug|Any CPU
		{A4284E3B-265A-43A2-97A0-0A963AD65477}.Release|Any CPU.ActiveCfg = Release|Any CPU
		{A4284E3B-265A-43A2-97A0-0A963AD65477}.Release|Any CPU.Build.0 = Release|Any CPU
		{A4284E3B-265A-43A2-97A0-0A963AD65477}.Release|x64.ActiveCfg = Release|Any CPU
		{A4284E3B-265A-43A2-97A0-0A963AD65477}.Release|x64.Build.0 = Release|Any CPU
		{A4284E3B-265A-43A2-97A0-0A963AD65477}.Release|x86.ActiveCfg = Release|Any CPU
		{A4284E3B-265A-43A2-97A0-0A963AD65477}.Release|x86.Build.0 = Release|Any CPU
	EndGlobalSection
	GlobalSection(SolutionProperties) = preSolution
		HideSolutionNode = FALSE
	EndGlobalSection
	GlobalSection(NestedProjects) = preSolution
		{CC33A9B7-50CF-4548-87B1-069FCA656B7F} = {827E0CD3-B72D-47B6-A68D-7590B98EB39B}
		{12C6DF15-2E51-4B3A-BF4E-E74B54AE0C42} = {827E0CD3-B72D-47B6-A68D-7590B98EB39B}
		{0D071446-189F-4F76-BE6E-D9340109ACE3} = {827E0CD3-B72D-47B6-A68D-7590B98EB39B}
		{A33ADAA2-C130-4D0F-9722-355739DBA966} = {827E0CD3-B72D-47B6-A68D-7590B98EB39B}
		{58F4BD09-3995-4E58-89C3-31A8ABE0157D} = {0AB3BF05-4346-4AA6-1389-037BE0695223}
		{398708E1-932C-4C8F-A3B9-FC62BF79E560} = {0AB3BF05-4346-4AA6-1389-037BE0695223}
		{A4284E3B-265A-43A2-97A0-0A963AD65477} = {0AB3BF05-4346-4AA6-1389-037BE0695223}
	EndGlobalSection
EndGlobal
